
Microsoft Visual Studio Solution File, Format Version 12.00
# Visual Studio Version 17
VisualStudioVersion = 17.0.31903.59
MinimumVisualStudioVersion = 10.0.40219.1
Project("{2150E333-8FDC-42A3-9474-1A3956D46DE8}") = "src", "src", "{827E0CD3-B72D-47B6-A68D-7590B98EB39B}"
EndProject
Project("{FAE04EC0-301F-11D3-BF4B-00C04F79EFBC}") = "Tyouqu.Database.Abstractions", "src\Tyouqu.Database.Abstractions\Tyouqu.Database.Abstractions.csproj", "{218F98E9-4896-46F4-A9EB-42265E19975B}"
EndProject
Project("{FAE04EC0-301F-11D3-BF4B-00C04F79EFBC}") = "Tyouqu.Database.Dapper", "src\Tyouqu.Database.Dapper\Tyouqu.Database.Dapper.csproj", "{0C0001A4-BECF-460B-8EBF-0BC7366A47E4}"
EndProject
Project("{FAE04EC0-301F-11D3-BF4B-00C04F79EFBC}") = "Tyouqu.Database.SqlServer", "src\Tyouqu.Database.SqlServer\Tyouqu.Database.SqlServer.csproj", "{15013C90-CDBA-406F-B59D-B35AF4C264AD}"
EndProject
Project("{FAE04EC0-301F-11D3-BF4B-00C04F79EFBC}") = "Tyouqu.Database.MySql", "src\Tyouqu.Database.MySql\Tyouqu.Database.MySql.csproj", "{D97125F5-22A3-4094-B064-6B6CA6DDC678}"
EndProject
Project("{FAE04EC0-301F-11D3-BF4B-00C04F79EFBC}") = "Tyouqu.Database.PostgreSql", "src\Tyouqu.Database.PostgreSql\Tyouqu.Database.PostgreSql.csproj", "{CE8D4E95-4D28-4057-8124-87D488DC0F4E}"
EndProject
Project("{FAE04EC0-301F-11D3-BF4B-00C04F79EFBC}") = "Tyouqu.Database.Sqlite", "src\Tyouqu.Database.Sqlite\Tyouqu.Database.Sqlite.csproj", "{1BD94205-B8C8-4DE5-AD95-E1D01973B27D}"
EndProject
Project("{FAE04EC0-301F-11D3-BF4B-00C04F79EFBC}") = "Tyouqu.Database", "src\Tyouqu.Database\Tyouqu.Database.csproj", "{5A1A09E2-B4F5-4D06-85AC-580238CB1BB9}"
EndProject
Project("{FAE04EC0-301F-11D3-BF4B-00C04F79EFBC}") = "Tyouqu.Database.UnitTests", "tests\Tyouqu.Database.UnitTests\Tyouqu.Database.UnitTests.csproj", "{C45E3B11-61A1-4FBF-A030-8CFBB1882BC7}"
EndProject
Project("{FAE04EC0-301F-11D3-BF4B-00C04F79EFBC}") = "Tyouqu.Database.Demo", "demos\Tyouqu.Database.Demo\Tyouqu.Database.Demo.csproj", "{4DF4AA89-B307-49B5-9995-C3436FD30510}"
EndProject
Global
	GlobalSection(SolutionConfigurationPlatforms) = preSolution
		Debug|Any CPU = Debug|Any CPU
		Debug|x64 = Debug|x64
		Debug|x86 = Debug|x86
		Release|Any CPU = Release|Any CPU
		Release|x64 = Release|x64
		Release|x86 = Release|x86
	EndGlobalSection
	GlobalSection(ProjectConfigurationPlatforms) = postSolution
		{218F98E9-4896-46F4-A9EB-42265E19975B}.Debug|Any CPU.ActiveCfg = Debug|Any CPU
		{218F98E9-4896-46F4-A9EB-42265E19975B}.Debug|Any CPU.Build.0 = Debug|Any CPU
		{218F98E9-4896-46F4-A9EB-42265E19975B}.Debug|x64.ActiveCfg = Debug|Any CPU
		{218F98E9-4896-46F4-A9EB-42265E19975B}.Debug|x64.Build.0 = Debug|Any CPU
		{218F98E9-4896-46F4-A9EB-42265E19975B}.Debug|x86.ActiveCfg = Debug|Any CPU
		{218F98E9-4896-46F4-A9EB-42265E19975B}.Debug|x86.Build.0 = Debug|Any CPU
		{218F98E9-4896-46F4-A9EB-42265E19975B}.Release|Any CPU.ActiveCfg = Release|Any CPU
		{218F98E9-4896-46F4-A9EB-42265E19975B}.Release|Any CPU.Build.0 = Release|Any CPU
		{218F98E9-4896-46F4-A9EB-42265E19975B}.Release|x64.ActiveCfg = Release|Any CPU
		{218F98E9-4896-46F4-A9EB-42265E19975B}.Release|x64.Build.0 = Release|Any CPU
		{218F98E9-4896-46F4-A9EB-42265E19975B}.Release|x86.ActiveCfg = Release|Any CPU
		{218F98E9-4896-46F4-A9EB-42265E19975B}.Release|x86.Build.0 = Release|Any CPU
		{0C0001A4-BECF-460B-8EBF-0BC7366A47E4}.Debug|Any CPU.ActiveCfg = Debug|Any CPU
		{0C0001A4-BECF-460B-8EBF-0BC7366A47E4}.Debug|Any CPU.Build.0 = Debug|Any CPU
		{0C0001A4-BECF-460B-8EBF-0BC7366A47E4}.Debug|x64.ActiveCfg = Debug|Any CPU
		{0C0001A4-BECF-460B-8EBF-0BC7366A47E4}.Debug|x64.Build.0 = Debug|Any CPU
		{0C0001A4-BECF-460B-8EBF-0BC7366A47E4}.Debug|x86.ActiveCfg = Debug|Any CPU
		{0C0001A4-BECF-460B-8EBF-0BC7366A47E4}.Debug|x86.Build.0 = Debug|Any CPU
		{0C0001A4-BECF-460B-8EBF-0BC7366A47E4}.Release|Any CPU.ActiveCfg = Release|Any CPU
		{0C0001A4-BECF-460B-8EBF-0BC7366A47E4}.Release|Any CPU.Build.0 = Release|Any CPU
		{0C0001A4-BECF-460B-8EBF-0BC7366A47E4}.Release|x64.ActiveCfg = Release|Any CPU
		{0C0001A4-BECF-460B-8EBF-0BC7366A47E4}.Release|x64.Build.0 = Release|Any CPU
		{0C0001A4-BECF-460B-8EBF-0BC7366A47E4}.Release|x86.ActiveCfg = Release|Any CPU
		{0C0001A4-BECF-460B-8EBF-0BC7366A47E4}.Release|x86.Build.0 = Release|Any CPU
		{15013C90-CDBA-406F-B59D-B35AF4C264AD}.Debug|Any CPU.ActiveCfg = Debug|Any CPU
		{15013C90-CDBA-406F-B59D-B35AF4C264AD}.Debug|Any CPU.Build.0 = Debug|Any CPU
		{15013C90-CDBA-406F-B59D-B35AF4C264AD}.Debug|x64.ActiveCfg = Debug|Any CPU
		{15013C90-CDBA-406F-B59D-B35AF4C264AD}.Debug|x64.Build.0 = Debug|Any CPU
		{15013C90-CDBA-406F-B59D-B35AF4C264AD}.Debug|x86.ActiveCfg = Debug|Any CPU
		{15013C90-CDBA-406F-B59D-B35AF4C264AD}.Debug|x86.Build.0 = Debug|Any CPU
		{15013C90-CDBA-406F-B59D-B35AF4C264AD}.Release|Any CPU.ActiveCfg = Release|Any CPU
		{15013C90-CDBA-406F-B59D-B35AF4C264AD}.Release|Any CPU.Build.0 = Release|Any CPU
		{15013C90-CDBA-406F-B59D-B35AF4C264AD}.Release|x64.ActiveCfg = Release|Any CPU
		{15013C90-CDBA-406F-B59D-B35AF4C264AD}.Release|x64.Build.0 = Release|Any CPU
		{15013C90-CDBA-406F-B59D-B35AF4C264AD}.Release|x86.ActiveCfg = Release|Any CPU
		{15013C90-CDBA-406F-B59D-B35AF4C264AD}.Release|x86.Build.0 = Release|Any CPU
		{D97125F5-22A3-4094-B064-6B6CA6DDC678}.Debug|Any CPU.ActiveCfg = Debug|Any CPU
		{D97125F5-22A3-4094-B064-6B6CA6DDC678}.Debug|Any CPU.Build.0 = Debug|Any CPU
		{D97125F5-22A3-4094-B064-6B6CA6DDC678}.Debug|x64.ActiveCfg = Debug|Any CPU
		{D97125F5-22A3-4094-B064-6B6CA6DDC678}.Debug|x64.Build.0 = Debug|Any CPU
		{D97125F5-22A3-4094-B064-6B6CA6DDC678}.Debug|x86.ActiveCfg = Debug|Any CPU
		{D97125F5-22A3-4094-B064-6B6CA6DDC678}.Debug|x86.Build.0 = Debug|Any CPU
		{D97125F5-22A3-4094-B064-6B6CA6DDC678}.Release|Any CPU.ActiveCfg = Release|Any CPU
		{D97125F5-22A3-4094-B064-6B6CA6DDC678}.Release|Any CPU.Build.0 = Release|Any CPU
		{D97125F5-22A3-4094-B064-6B6CA6DDC678}.Release|x64.ActiveCfg = Release|Any CPU
		{D97125F5-22A3-4094-B064-6B6CA6DDC678}.Release|x64.Build.0 = Release|Any CPU
		{D97125F5-22A3-4094-B064-6B6CA6DDC678}.Release|x86.ActiveCfg = Release|Any CPU
		{D97125F5-22A3-4094-B064-6B6CA6DDC678}.Release|x86.Build.0 = Release|Any CPU
		{CE8D4E95-4D28-4057-8124-87D488DC0F4E}.Debug|Any CPU.ActiveCfg = Debug|Any CPU
		{CE8D4E95-4D28-4057-8124-87D488DC0F4E}.Debug|Any CPU.Build.0 = Debug|Any CPU
		{CE8D4E95-4D28-4057-8124-87D488DC0F4E}.Debug|x64.ActiveCfg = Debug|Any CPU
		{CE8D4E95-4D28-4057-8124-87D488DC0F4E}.Debug|x64.Build.0 = Debug|Any CPU
		{CE8D4E95-4D28-4057-8124-87D488DC0F4E}.Debug|x86.ActiveCfg = Debug|Any CPU
		{CE8D4E95-4D28-4057-8124-87D488DC0F4E}.Debug|x86.Build.0 = Debug|Any CPU
		{CE8D4E95-4D28-4057-8124-87D488DC0F4E}.Release|Any CPU.ActiveCfg = Release|Any CPU
		{CE8D4E95-4D28-4057-8124-87D488DC0F4E}.Release|Any CPU.Build.0 = Release|Any CPU
		{CE8D4E95-4D28-4057-8124-87D488DC0F4E}.Release|x64.ActiveCfg = Release|Any CPU
		{CE8D4E95-4D28-4057-8124-87D488DC0F4E}.Release|x64.Build.0 = Release|Any CPU
		{CE8D4E95-4D28-4057-8124-87D488DC0F4E}.Release|x86.ActiveCfg = Release|Any CPU
		{CE8D4E95-4D28-4057-8124-87D488DC0F4E}.Release|x86.Build.0 = Release|Any CPU
		{1BD94205-B8C8-4DE5-AD95-E1D01973B27D}.Debug|Any CPU.ActiveCfg = Debug|Any CPU
		{1BD94205-B8C8-4DE5-AD95-E1D01973B27D}.Debug|Any CPU.Build.0 = Debug|Any CPU
		{1BD94205-B8C8-4DE5-AD95-E1D01973B27D}.Debug|x64.ActiveCfg = Debug|Any CPU
		{1BD94205-B8C8-4DE5-AD95-E1D01973B27D}.Debug|x64.Build.0 = Debug|Any CPU
		{1BD94205-B8C8-4DE5-AD95-E1D01973B27D}.Debug|x86.ActiveCfg = Debug|Any CPU
		{1BD94205-B8C8-4DE5-AD95-E1D01973B27D}.Debug|x86.Build.0 = Debug|Any CPU
		{1BD94205-B8C8-4DE5-AD95-E1D01973B27D}.Release|Any CPU.ActiveCfg = Release|Any CPU
		{1BD94205-B8C8-4DE5-AD95-E1D01973B27D}.Release|Any CPU.Build.0 = Release|Any CPU
		{1BD94205-B8C8-4DE5-AD95-E1D01973B27D}.Release|x64.ActiveCfg = Release|Any CPU
		{1BD94205-B8C8-4DE5-AD95-E1D01973B27D}.Release|x64.Build.0 = Release|Any CPU
		{1BD94205-B8C8-4DE5-AD95-E1D01973B27D}.Release|x86.ActiveCfg = Release|Any CPU
		{1BD94205-B8C8-4DE5-AD95-E1D01973B27D}.Release|x86.Build.0 = Release|Any CPU
		{5A1A09E2-B4F5-4D06-85AC-580238CB1BB9}.Debug|Any CPU.ActiveCfg = Debug|Any CPU
		{5A1A09E2-B4F5-4D06-85AC-580238CB1BB9}.Debug|Any CPU.Build.0 = Debug|Any CPU
		{5A1A09E2-B4F5-4D06-85AC-580238CB1BB9}.Debug|x64.ActiveCfg = Debug|Any CPU
		{5A1A09E2-B4F5-4D06-85AC-580238CB1BB9}.Debug|x64.Build.0 = Debug|Any CPU
		{5A1A09E2-B4F5-4D06-85AC-580238CB1BB9}.Debug|x86.ActiveCfg = Debug|Any CPU
		{5A1A09E2-B4F5-4D06-85AC-580238CB1BB9}.Debug|x86.Build.0 = Debug|Any CPU
		{5A1A09E2-B4F5-4D06-85AC-580238CB1BB9}.Release|Any CPU.ActiveCfg = Release|Any CPU
		{5A1A09E2-B4F5-4D06-85AC-580238CB1BB9}.Release|Any CPU.Build.0 = Release|Any CPU
		{5A1A09E2-B4F5-4D06-85AC-580238CB1BB9}.Release|x64.ActiveCfg = Release|Any CPU
		{5A1A09E2-B4F5-4D06-85AC-580238CB1BB9}.Release|x64.Build.0 = Release|Any CPU
		{5A1A09E2-B4F5-4D06-85AC-580238CB1BB9}.Release|x86.ActiveCfg = Release|Any CPU
		{5A1A09E2-B4F5-4D06-85AC-580238CB1BB9}.Release|x86.Build.0 = Release|Any CPU
		{C45E3B11-61A1-4FBF-A030-8CFBB1882BC7}.Debug|Any CPU.ActiveCfg = Debug|Any CPU
		{C45E3B11-61A1-4FBF-A030-8CFBB1882BC7}.Debug|Any CPU.Build.0 = Debug|Any CPU
		{C45E3B11-61A1-4FBF-A030-8CFBB1882BC7}.Debug|x64.ActiveCfg = Debug|Any CPU
		{C45E3B11-61A1-4FBF-A030-8CFBB1882BC7}.Debug|x64.Build.0 = Debug|Any CPU
		{C45E3B11-61A1-4FBF-A030-8CFBB1882BC7}.Debug|x86.ActiveCfg = Debug|Any CPU
		{C45E3B11-61A1-4FBF-A030-8CFBB1882BC7}.Debug|x86.Build.0 = Debug|Any CPU
		{C45E3B11-61A1-4FBF-A030-8CFBB1882BC7}.Release|Any CPU.ActiveCfg = Release|Any CPU
		{C45E3B11-61A1-4FBF-A030-8CFBB1882BC7}.Release|Any CPU.Build.0 = Release|Any CPU
		{C45E3B11-61A1-4FBF-A030-8CFBB1882BC7}.Release|x64.ActiveCfg = Release|Any CPU
		{C45E3B11-61A1-4FBF-A030-8CFBB1882BC7}.Release|x64.Build.0 = Release|Any CPU
		{C45E3B11-61A1-4FBF-A030-8CFBB1882BC7}.Release|x86.ActiveCfg = Release|Any CPU
		{C45E3B11-61A1-4FBF-A030-8CFBB1882BC7}.Release|x86.Build.0 = Release|Any CPU
		{4DF4AA89-B307-49B5-9995-C3436FD30510}.Debug|Any CPU.ActiveCfg = Debug|Any CPU
		{4DF4AA89-B307-49B5-9995-C3436FD30510}.Debug|Any CPU.Build.0 = Debug|Any CPU
		{4DF4AA89-B307-49B5-9995-C3436FD30510}.Debug|x64.ActiveCfg = Debug|Any CPU
		{4DF4AA89-B307-49B5-9995-C3436FD30510}.Debug|x64.Build.0 = Debug|Any CPU
		{4DF4AA89-B307-49B5-9995-C3436FD30510}.Debug|x86.ActiveCfg = Debug|Any CPU
		{4DF4AA89-B307-49B5-9995-C3436FD30510}.Debug|x86.Build.0 = Debug|Any CPU
		{4DF4AA89-B307-49B5-9995-C3436FD30510}.Release|Any CPU.ActiveCfg = Release|Any CPU
		{4DF4AA89-B307-49B5-9995-C3436FD30510}.Release|Any CPU.Build.0 = Release|Any CPU
		{4DF4AA89-B307-49B5-9995-C3436FD30510}.Release|x64.ActiveCfg = Release|Any CPU
		{4DF4AA89-B307-49B5-9995-C3436FD30510}.Release|x64.Build.0 = Release|Any CPU
		{4DF4AA89-B307-49B5-9995-C3436FD30510}.Release|x86.ActiveCfg = Release|Any CPU
		{4DF4AA89-B307-49B5-9995-C3436FD30510}.Release|x86.Build.0 = Release|Any CPU
	EndGlobalSection
	GlobalSection(SolutionProperties) = preSolution
		HideSolutionNode = FALSE
	EndGlobalSection
	GlobalSection(NestedProjects) = preSolution
		{218F98E9-4896-46F4-A9EB-42265E19975B} = {827E0CD3-B72D-47B6-A68D-7590B98EB39B}
		{0C0001A4-BECF-460B-8EBF-0BC7366A47E4} = {827E0CD3-B72D-47B6-A68D-7590B98EB39B}
		{15013C90-CDBA-406F-B59D-B35AF4C264AD} = {827E0CD3-B72D-47B6-A68D-7590B98EB39B}
		{D97125F5-22A3-4094-B064-6B6CA6DDC678} = {827E0CD3-B72D-47B6-A68D-7590B98EB39B}
		{CE8D4E95-4D28-4057-8124-87D488DC0F4E} = {827E0CD3-B72D-47B6-A68D-7590B98EB39B}
		{1BD94205-B8C8-4DE5-AD95-E1D01973B27D} = {827E0CD3-B72D-47B6-A68D-7590B98EB39B}
		{5A1A09E2-B4F5-4D06-85AC-580238CB1BB9} = {827E0CD3-B72D-47B6-A68D-7590B98EB39B}
		{C45E3B11-61A1-4FBF-A030-8CFBB1882BC7} = {827E0CD3-B72D-47B6-A68D-7590B98EB39B}
		{4DF4AA89-B307-49B5-9995-C3436FD30510} = {827E0CD3-B72D-47B6-A68D-7590B98EB39B}
	EndGlobalSection
EndGlobal
